
Microsoft Visual Studio Solution File, Format Version 12.00
# Visual Studio Version 16
VisualStudioVersion = 16.0.29418.71
MinimumVisualStudioVersion = 10.0.40219.1
Project("{FAE04EC0-301F-11D3-BF4B-00C04F79EFBC}") = "APItoUploadDocuments", "APItoUploadDocuments\APItoUploadDocuments.csproj", "{46E6E795-7B3F-4E4D-B9D2-28E6FF664016}"
EndProject
Global
	GlobalSection(SolutionConfigurationPlatforms) = preSolution
		Debug|Any CPU = Debug|Any CPU
		Release|Any CPU = Release|Any CPU
	EndGlobalSection
	GlobalSection(ProjectConfigurationPlatforms) = postSolution
		{46E6E795-7B3F-4E4D-B9D2-28E6FF664016}.Debug|Any CPU.ActiveCfg = Debug|Any CPU
		{46E6E795-7B3F-4E4D-B9D2-28E6FF664016}.Debug|Any CPU.Build.0 = Debug|Any CPU
		{46E6E795-7B3F-4E4D-B9D2-28E6FF664016}.Release|Any CPU.ActiveCfg = Release|Any CPU
		{46E6E795-7B3F-4E4D-B9D2-28E6FF664016}.Release|Any CPU.Build.0 = Release|Any CPU
	EndGlobalSection
	GlobalSection(SolutionProperties) = preSolution
		HideSolutionNode = FALSE
	EndGlobalSection
	GlobalSection(ExtensibilityGlobals) = postSolution
		SolutionGuid = {FBE300E1-4770-497E-A47B-C97B80EBEE07}
	EndGlobalSection
EndGlobal
